
Microsoft Visual Studio Solution File, Format Version 12.00
# Visual Studio Version 17
VisualStudioVersion = 17.4.33205.214
MinimumVisualStudioVersion = 10.0.40219.1
Project("{FAE04EC0-301F-11D3-BF4B-00C04F79EFBC}") = "DesignPatterns", "DesignPatterns.csproj", "{1EFBAF0D-03AB-423E-9614-F4E19CC66E58}"
EndProject
Project("{FAE04EC0-301F-11D3-BF4B-00C04F79EFBC}") = "Singleton", "Singleton\Singleton.csproj", "{7227D1B9-6229-4DD0-82F3-CD3C35519D49}"
EndProject
Global
	GlobalSection(SolutionConfigurationPlatforms) = preSolution
		Debug|Any CPU = Debug|Any CPU
		Release|Any CPU = Release|Any CPU
	EndGlobalSection
	GlobalSection(ProjectConfigurationPlatforms) = postSolution
		{1EFBAF0D-03AB-423E-9614-F4E19CC66E58}.Debug|Any CPU.ActiveCfg = Debug|Any CPU
		{1EFBAF0D-03AB-423E-9614-F4E19CC66E58}.Debug|Any CPU.Build.0 = Debug|Any CPU
		{1EFBAF0D-03AB-423E-9614-F4E19CC66E58}.Release|Any CPU.ActiveCfg = Release|Any CPU
		{1EFBAF0D-03AB-423E-9614-F4E19CC66E58}.Release|Any CPU.Build.0 = Release|Any CPU
		{7227D1B9-6229-4DD0-82F3-CD3C35519D49}.Debug|Any CPU.ActiveCfg = Debug|Any CPU
		{7227D1B9-6229-4DD0-82F3-CD3C35519D49}.Debug|Any CPU.Build.0 = Debug|Any CPU
		{7227D1B9-6229-4DD0-82F3-CD3C35519D49}.Release|Any CPU.ActiveCfg = Release|Any CPU
		{7227D1B9-6229-4DD0-82F3-CD3C35519D49}.Release|Any CPU.Build.0 = Release|Any CPU
	EndGlobalSection
	GlobalSection(SolutionProperties) = preSolution
		HideSolutionNode = FALSE
	EndGlobalSection
	GlobalSection(ExtensibilityGlobals) = postSolution
		SolutionGuid = {B0FF1392-8584-4DC2-8BC8-4D665A0B858E}
	EndGlobalSection
EndGlobal
